// !$*UTF8*$!
{
	archiveVersion = 1;
	classes = {
	};
	objectVersion = 51;
	objects = {

/* Begin PBXBuildFile section */
		20351F588FDD9EBDF27AED9B /* Pods_MicroMug.framework in Frameworks */ = {isa = PBXBuildFile; fileRef = 8CF36516B069E6FE7C63F79F /* Pods_MicroMug.framework */; };
		7B18EC1124133A5A000603BC /* RecipeCell.swift in Sources */ = {isa = PBXBuildFile; fileRef = 7B18EC1024133A5A000603BC /* RecipeCell.swift */; };
		7B18EC1324133A6E000603BC /* RecipeCategory.swift in Sources */ = {isa = PBXBuildFile; fileRef = 7B18EC1224133A6E000603BC /* RecipeCategory.swift */; };
		7B18EC1524133D9E000603BC /* RecipesViewController.swift in Sources */ = {isa = PBXBuildFile; fileRef = 7B18EC1424133D9E000603BC /* RecipesViewController.swift */; };
		7B18EC172414424A000603BC /* ProfileViewController.swift in Sources */ = {isa = PBXBuildFile; fileRef = 7B18EC162414424A000603BC /* ProfileViewController.swift */; };
		7B2B57E02411C2400019C650 /* AppDelegate.swift in Sources */ = {isa = PBXBuildFile; fileRef = 7B2B57DF2411C2400019C650 /* AppDelegate.swift */; };
		7B2B57E22411C2400019C650 /* SceneDelegate.swift in Sources */ = {isa = PBXBuildFile; fileRef = 7B2B57E12411C2400019C650 /* SceneDelegate.swift */; };
		7B2B57E42411C2400019C650 /* HomeViewController.swift in Sources */ = {isa = PBXBuildFile; fileRef = 7B2B57E32411C2400019C650 /* HomeViewController.swift */; };
		7B2B57E72411C2400019C650 /* Main.storyboard in Resources */ = {isa = PBXBuildFile; fileRef = 7B2B57E52411C2400019C650 /* Main.storyboard */; };
		7B2B57EA2411C2400019C650 /* MicroMug.xcdatamodeld in Sources */ = {isa = PBXBuildFile; fileRef = 7B2B57E82411C2400019C650 /* MicroMug.xcdatamodeld */; };
		7B2B57EC2411C2410019C650 /* Assets.xcassets in Resources */ = {isa = PBXBuildFile; fileRef = 7B2B57EB2411C2410019C650 /* Assets.xcassets */; };
		7B2B57EF2411C2410019C650 /* LaunchScreen.storyboard in Resources */ = {isa = PBXBuildFile; fileRef = 7B2B57ED2411C2410019C650 /* LaunchScreen.storyboard */; };
		7BD81DD52411E3AE0092BB1C /* RecipeCategoryViewController.swift in Sources */ = {isa = PBXBuildFile; fileRef = 7BD81DD42411E3AE0092BB1C /* RecipeCategoryViewController.swift */; };
		7BE90EC924131E1800C57DE6 /* CategoryModel.swift in Sources */ = {isa = PBXBuildFile; fileRef = 7BE90EC824131E1800C57DE6 /* CategoryModel.swift */; };
		7BE90ECB2413224B00C57DE6 /* DataSet.swift in Sources */ = {isa = PBXBuildFile; fileRef = 7BE90ECA2413224B00C57DE6 /* DataSet.swift */; };
		7BE90ECE241328BE00C57DE6 /* CategoryCell.swift in Sources */ = {isa = PBXBuildFile; fileRef = 7BE90ECD241328BE00C57DE6 /* CategoryCell.swift */; };
		B9E475EB2422D47200560DDC /* RecipeDetailsViewController.swift in Sources */ = {isa = PBXBuildFile; fileRef = B9E475EA2422D47200560DDC /* RecipeDetailsViewController.swift */; };
		B9FD0FB62432D5D900A59E25 /* LoginViewController.swift in Sources */ = {isa = PBXBuildFile; fileRef = B9FD0FB52432D5D900A59E25 /* LoginViewController.swift */; };
		B9FD0FB82432D98500A59E25 /* RegisterViewController.swift in Sources */ = {isa = PBXBuildFile; fileRef = B9FD0FB72432D98500A59E25 /* RegisterViewController.swift */; };
		B9FD0FBA2432DC8000A59E25 /* GoogleService-Info.plist in Resources */ = {isa = PBXBuildFile; fileRef = B9FD0FB92432DC8000A59E25 /* GoogleService-Info.plist */; };
/* End PBXBuildFile section */

/* Begin PBXFileReference section */
		0058F791BF7A85FA1805E435 /* Pods-MicroMug.debug.xcconfig */ = {isa = PBXFileReference; includeInIndex = 1; lastKnownFileType = text.xcconfig; name = "Pods-MicroMug.debug.xcconfig"; path = "Target Support Files/Pods-MicroMug/Pods-MicroMug.debug.xcconfig"; sourceTree = "<group>"; };
		7B18EC1024133A5A000603BC /* RecipeCell.swift */ = {isa = PBXFileReference; lastKnownFileType = sourcecode.swift; path = RecipeCell.swift; sourceTree = "<group>"; };
		7B18EC1224133A6E000603BC /* RecipeCategory.swift */ = {isa = PBXFileReference; lastKnownFileType = sourcecode.swift; path = RecipeCategory.swift; sourceTree = "<group>"; };
		7B18EC1424133D9E000603BC /* RecipesViewController.swift */ = {isa = PBXFileReference; lastKnownFileType = sourcecode.swift; path = RecipesViewController.swift; sourceTree = "<group>"; };
		7B18EC162414424A000603BC /* ProfileViewController.swift */ = {isa = PBXFileReference; lastKnownFileType = sourcecode.swift; path = ProfileViewController.swift; sourceTree = "<group>"; };
		7B2B57DC2411C2400019C650 /* MicroMug.app */ = {isa = PBXFileReference; explicitFileType = wrapper.application; includeInIndex = 0; path = MicroMug.app; sourceTree = BUILT_PRODUCTS_DIR; };
		7B2B57DF2411C2400019C650 /* AppDelegate.swift */ = {isa = PBXFileReference; lastKnownFileType = sourcecode.swift; path = AppDelegate.swift; sourceTree = "<group>"; };
		7B2B57E12411C2400019C650 /* SceneDelegate.swift */ = {isa = PBXFileReference; lastKnownFileType = sourcecode.swift; path = SceneDelegate.swift; sourceTree = "<group>"; };
		7B2B57E32411C2400019C650 /* HomeViewController.swift */ = {isa = PBXFileReference; lastKnownFileType = sourcecode.swift; path = HomeViewController.swift; sourceTree = "<group>"; };
		7B2B57E62411C2400019C650 /* Base */ = {isa = PBXFileReference; lastKnownFileType = file.storyboard; name = Base; path = Base.lproj/Main.storyboard; sourceTree = "<group>"; };
		7B2B57E92411C2400019C650 /* MicroMug.xcdatamodel */ = {isa = PBXFileReference; lastKnownFileType = wrapper.xcdatamodel; path = MicroMug.xcdatamodel; sourceTree = "<group>"; };
		7B2B57EB2411C2410019C650 /* Assets.xcassets */ = {isa = PBXFileReference; lastKnownFileType = folder.assetcatalog; path = Assets.xcassets; sourceTree = "<group>"; };
		7B2B57EE2411C2410019C650 /* Base */ = {isa = PBXFileReference; lastKnownFileType = file.storyboard; name = Base; path = Base.lproj/LaunchScreen.storyboard; sourceTree = "<group>"; };
		7B2B57F02411C2410019C650 /* Info.plist */ = {isa = PBXFileReference; lastKnownFileType = text.plist.xml; path = Info.plist; sourceTree = "<group>"; };
		7BD81DD42411E3AE0092BB1C /* RecipeCategoryViewController.swift */ = {isa = PBXFileReference; lastKnownFileType = sourcecode.swift; path = RecipeCategoryViewController.swift; sourceTree = "<group>"; };
		7BE90EC824131E1800C57DE6 /* CategoryModel.swift */ = {isa = PBXFileReference; lastKnownFileType = sourcecode.swift; path = CategoryModel.swift; sourceTree = "<group>"; };
		7BE90ECA2413224B00C57DE6 /* DataSet.swift */ = {isa = PBXFileReference; lastKnownFileType = sourcecode.swift; path = DataSet.swift; sourceTree = "<group>"; };
		7BE90ECD241328BE00C57DE6 /* CategoryCell.swift */ = {isa = PBXFileReference; lastKnownFileType = sourcecode.swift; path = CategoryCell.swift; sourceTree = "<group>"; };
		8CF36516B069E6FE7C63F79F /* Pods_MicroMug.framework */ = {isa = PBXFileReference; explicitFileType = wrapper.framework; includeInIndex = 0; path = Pods_MicroMug.framework; sourceTree = BUILT_PRODUCTS_DIR; };
		B9E475EA2422D47200560DDC /* RecipeDetailsViewController.swift */ = {isa = PBXFileReference; lastKnownFileType = sourcecode.swift; path = RecipeDetailsViewController.swift; sourceTree = "<group>"; };
		B9FD0FB52432D5D900A59E25 /* LoginViewController.swift */ = {isa = PBXFileReference; lastKnownFileType = sourcecode.swift; path = LoginViewController.swift; sourceTree = "<group>"; };
		B9FD0FB72432D98500A59E25 /* RegisterViewController.swift */ = {isa = PBXFileReference; lastKnownFileType = sourcecode.swift; path = RegisterViewController.swift; sourceTree = "<group>"; };
		B9FD0FB92432DC8000A59E25 /* GoogleService-Info.plist */ = {isa = PBXFileReference; fileEncoding = 4; lastKnownFileType = text.plist.xml; path = "GoogleService-Info.plist"; sourceTree = "<group>"; };
		CDDF5E5EE039DF14C9B283A5 /* Pods-MicroMug.release.xcconfig */ = {isa = PBXFileReference; includeInIndex = 1; lastKnownFileType = text.xcconfig; name = "Pods-MicroMug.release.xcconfig"; path = "Target Support Files/Pods-MicroMug/Pods-MicroMug.release.xcconfig"; sourceTree = "<group>"; };
/* End PBXFileReference section */

/* Begin PBXFrameworksBuildPhase section */
		7B2B57D92411C2400019C650 /* Frameworks */ = {
			isa = PBXFrameworksBuildPhase;
			buildActionMask = 2147483647;
			files = (
				20351F588FDD9EBDF27AED9B /* Pods_MicroMug.framework in Frameworks */,
			);
			runOnlyForDeploymentPostprocessing = 0;
		};
/* End PBXFrameworksBuildPhase section */

/* Begin PBXGroup section */
		238C15C9D494420DEC60175E /* Pods */ = {
			isa = PBXGroup;
			children = (
				0058F791BF7A85FA1805E435 /* Pods-MicroMug.debug.xcconfig */,
				CDDF5E5EE039DF14C9B283A5 /* Pods-MicroMug.release.xcconfig */,
			);
			path = Pods;
			sourceTree = "<group>";
		};
		49E92094035E43C8ECBF8B75 /* Frameworks */ = {
			isa = PBXGroup;
			children = (
				8CF36516B069E6FE7C63F79F /* Pods_MicroMug.framework */,
			);
			name = Frameworks;
			sourceTree = "<group>";
		};
		7B2B57D32411C2400019C650 = {
			isa = PBXGroup;
			children = (
				7B2B57DE2411C2400019C650 /* MicroMug */,
				7B2B57DD2411C2400019C650 /* Products */,
				238C15C9D494420DEC60175E /* Pods */,
				49E92094035E43C8ECBF8B75 /* Frameworks */,
			);
			sourceTree = "<group>";
		};
		7B2B57DD2411C2400019C650 /* Products */ = {
			isa = PBXGroup;
			children = (
				7B2B57DC2411C2400019C650 /* MicroMug.app */,
			);
			name = Products;
			sourceTree = "<group>";
		};
		7B2B57DE2411C2400019C650 /* MicroMug */ = {
			isa = PBXGroup;
			children = (
				7BE90ECC241326EB00C57DE6 /* View */,
				7BE90EC724131DD700C57DE6 /* Model */,
				7B2B57DF2411C2400019C650 /* AppDelegate.swift */,
				7B2B57E12411C2400019C650 /* SceneDelegate.swift */,
				7B2B57E32411C2400019C650 /* HomeViewController.swift */,
				7BD81DD42411E3AE0092BB1C /* RecipeCategoryViewController.swift */,
				7B18EC1424133D9E000603BC /* RecipesViewController.swift */,
				B9E475EA2422D47200560DDC /* RecipeDetailsViewController.swift */,
				B9FD0FB52432D5D900A59E25 /* LoginViewController.swift */,
				B9FD0FB72432D98500A59E25 /* RegisterViewController.swift */,
				7B18EC162414424A000603BC /* ProfileViewController.swift */,
				7B2B57E52411C2400019C650 /* Main.storyboard */,
				7B2B57EB2411C2410019C650 /* Assets.xcassets */,
				7B2B57ED2411C2410019C650 /* LaunchScreen.storyboard */,
				7B2B57F02411C2410019C650 /* Info.plist */,
				B9FD0FB92432DC8000A59E25 /* GoogleService-Info.plist */,
				7B2B57E82411C2400019C650 /* MicroMug.xcdatamodeld */,
			);
			path = MicroMug;
			sourceTree = "<group>";
		};
		7BE90EC724131DD700C57DE6 /* Model */ = {
			isa = PBXGroup;
			children = (
				7BE90EC824131E1800C57DE6 /* CategoryModel.swift */,
				7BE90ECA2413224B00C57DE6 /* DataSet.swift */,
				7B18EC1224133A6E000603BC /* RecipeCategory.swift */,
			);
			path = Model;
			sourceTree = "<group>";
		};
		7BE90ECC241326EB00C57DE6 /* View */ = {
			isa = PBXGroup;
			children = (
				7BE90ECD241328BE00C57DE6 /* CategoryCell.swift */,
				7B18EC1024133A5A000603BC /* RecipeCell.swift */,
			);
			path = View;
			sourceTree = "<group>";
		};
/* End PBXGroup section */

/* Begin PBXNativeTarget section */
		7B2B57DB2411C2400019C650 /* MicroMug */ = {
			isa = PBXNativeTarget;
			buildConfigurationList = 7B2B57F32411C2410019C650 /* Build configuration list for PBXNativeTarget "MicroMug" */;
			buildPhases = (
				6F6C696166B60B4A2EAC8DAD /* [CP] Check Pods Manifest.lock */,
				7B2B57D82411C2400019C650 /* Sources */,
				7B2B57D92411C2400019C650 /* Frameworks */,
				7B2B57DA2411C2400019C650 /* Resources */,
				0CB6EA2919FBBD1FACBFE25E /* [CP] Embed Pods Frameworks */,
			);
			buildRules = (
			);
			dependencies = (
			);
			name = MicroMug;
			productName = MicroMug;
			productReference = 7B2B57DC2411C2400019C650 /* MicroMug.app */;
			productType = "com.apple.product-type.application";
		};
/* End PBXNativeTarget section */

/* Begin PBXProject section */
		7B2B57D42411C2400019C650 /* Project object */ = {
			isa = PBXProject;
			attributes = {
				LastSwiftUpdateCheck = 1130;
				LastUpgradeCheck = 1130;
				ORGANIZATIONNAME = "Bridi Grimley";
				TargetAttributes = {
					7B2B57DB2411C2400019C650 = {
						CreatedOnToolsVersion = 11.3.1;
					};
				};
			};
			buildConfigurationList = 7B2B57D72411C2400019C650 /* Build configuration list for PBXProject "MicroMug" */;
			compatibilityVersion = "Xcode 9.3";
			developmentRegion = en;
			hasScannedForEncodings = 0;
			knownRegions = (
				en,
				Base,
			);
			mainGroup = 7B2B57D32411C2400019C650;
			productRefGroup = 7B2B57DD2411C2400019C650 /* Products */;
			projectDirPath = "";
			projectRoot = "";
			targets = (
				7B2B57DB2411C2400019C650 /* MicroMug */,
			);
		};
/* End PBXProject section */

/* Begin PBXResourcesBuildPhase section */
		7B2B57DA2411C2400019C650 /* Resources */ = {
			isa = PBXResourcesBuildPhase;
			buildActionMask = 2147483647;
			files = (
				7B2B57EF2411C2410019C650 /* LaunchScreen.storyboard in Resources */,
				7B2B57EC2411C2410019C650 /* Assets.xcassets in Resources */,
				7B2B57E72411C2400019C650 /* Main.storyboard in Resources */,
				B9FD0FBA2432DC8000A59E25 /* GoogleService-Info.plist in Resources */,
			);
			runOnlyForDeploymentPostprocessing = 0;
		};
/* End PBXResourcesBuildPhase section */

/* Begin PBXShellScriptBuildPhase section */
		0CB6EA2919FBBD1FACBFE25E /* [CP] Embed Pods Frameworks */ = {
			isa = PBXShellScriptBuildPhase;
			buildActionMask = 2147483647;
			files = (
			);
			inputFileListPaths = (
				"${PODS_ROOT}/Target Support Files/Pods-MicroMug/Pods-MicroMug-frameworks-${CONFIGURATION}-input-files.xcfilelist",
			);
			name = "[CP] Embed Pods Frameworks";
			outputFileListPaths = (
				"${PODS_ROOT}/Target Support Files/Pods-MicroMug/Pods-MicroMug-frameworks-${CONFIGURATION}-output-files.xcfilelist",
			);
			runOnlyForDeploymentPostprocessing = 0;
			shellPath = /bin/sh;
			shellScript = "\"${PODS_ROOT}/Target Support Files/Pods-MicroMug/Pods-MicroMug-frameworks.sh\"\n";
			showEnvVarsInLog = 0;
		};
		6F6C696166B60B4A2EAC8DAD /* [CP] Check Pods Manifest.lock */ = {
			isa = PBXShellScriptBuildPhase;
			buildActionMask = 2147483647;
			files = (
			);
			inputFileListPaths = (
			);
			inputPaths = (
				"${PODS_PODFILE_DIR_PATH}/Podfile.lock",
				"${PODS_ROOT}/Manifest.lock",
			);
			name = "[CP] Check Pods Manifest.lock";
			outputFileListPaths = (
			);
			outputPaths = (
				"$(DERIVED_FILE_DIR)/Pods-MicroMug-checkManifestLockResult.txt",
			);
			runOnlyForDeploymentPostprocessing = 0;
			shellPath = /bin/sh;
			shellScript = "diff \"${PODS_PODFILE_DIR_PATH}/Podfile.lock\" \"${PODS_ROOT}/Manifest.lock\" > /dev/null\nif [ $? != 0 ] ; then\n    # print error to STDERR\n    echo \"error: The sandbox is not in sync with the Podfile.lock. Run 'pod install' or update your CocoaPods installation.\" >&2\n    exit 1\nfi\n# This output is used by Xcode 'outputs' to avoid re-running this script phase.\necho \"SUCCESS\" > \"${SCRIPT_OUTPUT_FILE_0}\"\n";
			showEnvVarsInLog = 0;
		};
/* End PBXShellScriptBuildPhase section */

/* Begin PBXSourcesBuildPhase section */
		7B2B57D82411C2400019C650 /* Sources */ = {
			isa = PBXSourcesBuildPhase;
			buildActionMask = 2147483647;
			files = (
				B9FD0FB62432D5D900A59E25 /* LoginViewController.swift in Sources */,
				7BD81DD52411E3AE0092BB1C /* RecipeCategoryViewController.swift in Sources */,
				7B18EC1324133A6E000603BC /* RecipeCategory.swift in Sources */,
				7BE90EC924131E1800C57DE6 /* CategoryModel.swift in Sources */,
				7B18EC1524133D9E000603BC /* RecipesViewController.swift in Sources */,
				7B2B57EA2411C2400019C650 /* MicroMug.xcdatamodeld in Sources */,
				B9FD0FB82432D98500A59E25 /* RegisterViewController.swift in Sources */,
				7B18EC1124133A5A000603BC /* RecipeCell.swift in Sources */,
				7B18EC172414424A000603BC /* ProfileViewController.swift in Sources */,
				7BE90ECE241328BE00C57DE6 /* CategoryCell.swift in Sources */,
				7B2B57E42411C2400019C650 /* HomeViewController.swift in Sources */,
				7B2B57E02411C2400019C650 /* AppDelegate.swift in Sources */,
				7BE90ECB2413224B00C57DE6 /* DataSet.swift in Sources */,
				7B2B57E22411C2400019C650 /* SceneDelegate.swift in Sources */,
				B9E475EB2422D47200560DDC /* RecipeDetailsViewController.swift in Sources */,
			);
			runOnlyForDeploymentPostprocessing = 0;
		};
/* End PBXSourcesBuildPhase section */

/* Begin PBXVariantGroup section */
		7B2B57E52411C2400019C650 /* Main.storyboard */ = {
			isa = PBXVariantGroup;
			children = (
				7B2B57E62411C2400019C650 /* Base */,
			);
			name = Main.storyboard;
			sourceTree = "<group>";
		};
		7B2B57ED2411C2410019C650 /* LaunchScreen.storyboard */ = {
			isa = PBXVariantGroup;
			children = (
				7B2B57EE2411C2410019C650 /* Base */,
			);
			name = LaunchScreen.storyboard;
			sourceTree = "<group>";
		};
/* End PBXVariantGroup section */

/* Begin XCBuildConfiguration section */
		7B2B57F12411C2410019C650 /* Debug */ = {
			isa = XCBuildConfiguration;
			buildSettings = {
				ALWAYS_SEARCH_USER_PATHS = NO;
				CLANG_ANALYZER_NONNULL = YES;
				CLANG_ANALYZER_NUMBER_OBJECT_CONVERSION = YES_AGGRESSIVE;
				CLANG_CXX_LANGUAGE_STANDARD = "gnu++14";
				CLANG_CXX_LIBRARY = "libc++";
				CLANG_ENABLE_MODULES = YES;
				CLANG_ENABLE_OBJC_ARC = YES;
				CLANG_ENABLE_OBJC_WEAK = YES;
				CLANG_WARN_BLOCK_CAPTURE_AUTORELEASING = YES;
				CLANG_WARN_BOOL_CONVERSION = YES;
				CLANG_WARN_COMMA = YES;
				CLANG_WARN_CONSTANT_CONVERSION = YES;
				CLANG_WARN_DEPRECATED_OBJC_IMPLEMENTATIONS = YES;
				CLANG_WARN_DIRECT_OBJC_ISA_USAGE = YES_ERROR;
				CLANG_WARN_DOCUMENTATION_COMMENTS = YES;
				CLANG_WARN_EMPTY_BODY = YES;
				CLANG_WARN_ENUM_CONVERSION = YES;
				CLANG_WARN_INFINITE_RECURSION = YES;
				CLANG_WARN_INT_CONVERSION = YES;
				CLANG_WARN_NON_LITERAL_NULL_CONVERSION = YES;
				CLANG_WARN_OBJC_IMPLICIT_RETAIN_SELF = YES;
				CLANG_WARN_OBJC_LITERAL_CONVERSION = YES;
				CLANG_WARN_OBJC_ROOT_CLASS = YES_ERROR;
				CLANG_WARN_RANGE_LOOP_ANALYSIS = YES;
				CLANG_WARN_STRICT_PROTOTYPES = YES;
				CLANG_WARN_SUSPICIOUS_MOVE = YES;
				CLANG_WARN_UNGUARDED_AVAILABILITY = YES_AGGRESSIVE;
				CLANG_WARN_UNREACHABLE_CODE = YES;
				CLANG_WARN__DUPLICATE_METHOD_MATCH = YES;
				COPY_PHASE_STRIP = NO;
				DEBUG_INFORMATION_FORMAT = dwarf;
				ENABLE_STRICT_OBJC_MSGSEND = YES;
				ENABLE_TESTABILITY = YES;
				GCC_C_LANGUAGE_STANDARD = gnu11;
				GCC_DYNAMIC_NO_PIC = NO;
				GCC_NO_COMMON_BLOCKS = YES;
				GCC_OPTIMIZATION_LEVEL = 0;
				GCC_PREPROCESSOR_DEFINITIONS = (
					"DEBUG=1",
					"$(inherited)",
				);
				GCC_WARN_64_TO_32_BIT_CONVERSION = YES;
				GCC_WARN_ABOUT_RETURN_TYPE = YES_ERROR;
				GCC_WARN_UNDECLARED_SELECTOR = YES;
				GCC_WARN_UNINITIALIZED_AUTOS = YES_AGGRESSIVE;
				GCC_WARN_UNUSED_FUNCTION = YES;
				GCC_WARN_UNUSED_VARIABLE = YES;
				IPHONEOS_DEPLOYMENT_TARGET = 13.2;
				MTL_ENABLE_DEBUG_INFO = INCLUDE_SOURCE;
				MTL_FAST_MATH = YES;
				ONLY_ACTIVE_ARCH = YES;
				SDKROOT = iphoneos;
				SWIFT_ACTIVE_COMPILATION_CONDITIONS = DEBUG;
				SWIFT_OPTIMIZATION_LEVEL = "-Onone";
			};
			name = Debug;
		};
		7B2B57F22411C2410019C650 /* Release */ = {
			isa = XCBuildConfiguration;
			buildSettings = {
				ALWAYS_SEARCH_USER_PATHS = NO;
				CLANG_ANALYZER_NONNULL = YES;
				CLANG_ANALYZER_NUMBER_OBJECT_CONVERSION = YES_AGGRESSIVE;
				CLANG_CXX_LANGUAGE_STANDARD = "gnu++14";
				CLANG_CXX_LIBRARY = "libc++";
				CLANG_ENABLE_MODULES = YES;
				CLANG_ENABLE_OBJC_ARC = YES;
				CLANG_ENABLE_OBJC_WEAK = YES;
				CLANG_WARN_BLOCK_CAPTURE_AUTORELEASING = YES;
				CLANG_WARN_BOOL_CONVERSION = YES;
				CLANG_WARN_COMMA = YES;
				CLANG_WARN_CONSTANT_CONVERSION = YES;
				CLANG_WARN_DEPRECATED_OBJC_IMPLEMENTATIONS = YES;
				CLANG_WARN_DIRECT_OBJC_ISA_USAGE = YES_ERROR;
				CLANG_WARN_DOCUMENTATION_COMMENTS = YES;
				CLANG_WARN_EMPTY_BODY = YES;
				CLANG_WARN_ENUM_CONVERSION = YES;
				CLANG_WARN_INFINITE_RECURSION = YES;
				CLANG_WARN_INT_CONVERSION = YES;
				CLANG_WARN_NON_LITERAL_NULL_CONVERSION = YES;
				CLANG_WARN_OBJC_IMPLICIT_RETAIN_SELF = YES;
				CLANG_WARN_OBJC_LITERAL_CONVERSION = YES;
				CLANG_WARN_OBJC_ROOT_CLASS = YES_ERROR;
				CLANG_WARN_RANGE_LOOP_ANALYSIS = YES;
				CLANG_WARN_STRICT_PROTOTYPES = YES;
				CLANG_WARN_SUSPICIOUS_MOVE = YES;
				CLANG_WARN_UNGUARDED_AVAILABILITY = YES_AGGRESSIVE;
				CLANG_WARN_UNREACHABLE_CODE = YES;
				CLANG_WARN__DUPLICATE_METHOD_MATCH = YES;
				COPY_PHASE_STRIP = NO;
				DEBUG_INFORMATION_FORMAT = "dwarf-with-dsym";
				ENABLE_NS_ASSERTIONS = NO;
				ENABLE_STRICT_OBJC_MSGSEND = YES;
				GCC_C_LANGUAGE_STANDARD = gnu11;
				GCC_NO_COMMON_BLOCKS = YES;
				GCC_WARN_64_TO_32_BIT_CONVERSION = YES;
				GCC_WARN_ABOUT_RETURN_TYPE = YES_ERROR;
				GCC_WARN_UNDECLARED_SELECTOR = YES;
				GCC_WARN_UNINITIALIZED_AUTOS = YES_AGGRESSIVE;
				GCC_WARN_UNUSED_FUNCTION = YES;
				GCC_WARN_UNUSED_VARIABLE = YES;
				IPHONEOS_DEPLOYMENT_TARGET = 13.2;
				MTL_ENABLE_DEBUG_INFO = NO;
				MTL_FAST_MATH = YES;
				SDKROOT = iphoneos;
				SWIFT_COMPILATION_MODE = wholemodule;
				SWIFT_OPTIMIZATION_LEVEL = "-O";
				VALIDATE_PRODUCT = YES;
			};
			name = Release;
		};
		7B2B57F42411C2410019C650 /* Debug */ = {
			isa = XCBuildConfiguration;
			baseConfigurationReference = 0058F791BF7A85FA1805E435 /* Pods-MicroMug.debug.xcconfig */;
			buildSettings = {
				ASSETCATALOG_COMPILER_APPICON_NAME = AppIcon;
				CODE_SIGN_STYLE = Automatic;
				DEVELOPMENT_TEAM = QD7FMVCLYT;
				INFOPLIST_FILE = MicroMug/Info.plist;
				LD_RUNPATH_SEARCH_PATHS = (
					"$(inherited)",
					"@executable_path/Frameworks",
				);
				PRODUCT_BUNDLE_IDENTIFIER = com.karlmcgeough.MicroMug;
				PRODUCT_NAME = "$(TARGET_NAME)";
				SWIFT_VERSION = 5.0;
				TARGETED_DEVICE_FAMILY = 1;
			};
			name = Debug;
		};
		7B2B57F52411C2410019C650 /* Release */ = {
			isa = XCBuildConfiguration;
			baseConfigurationReference = CDDF5E5EE039DF14C9B283A5 /* Pods-MicroMug.release.xcconfig */;
			buildSettings = {
				ASSETCATALOG_COMPILER_APPICON_NAME = AppIcon;
				CODE_SIGN_STYLE = Automatic;
				DEVELOPMENT_TEAM = QD7FMVCLYT;
				INFOPLIST_FILE = MicroMug/Info.plist;
				LD_RUNPATH_SEARCH_PATHS = (
					"$(inherited)",
					"@executable_path/Frameworks",
				);
				PRODUCT_BUNDLE_IDENTIFIER = com.karlmcgeough.MicroMug;
				PRODUCT_NAME = "$(TARGET_NAME)";
				SWIFT_VERSION = 5.0;
				TARGETED_DEVICE_FAMILY = 1;
			};
			name = Release;
		};
/* End XCBuildConfiguration section */

/* Begin XCConfigurationList section */
		7B2B57D72411C2400019C650 /* Build configuration list for PBXProject "MicroMug" */ = {
			isa = XCConfigurationList;
			buildConfigurations = (
				7B2B57F12411C2410019C650 /* Debug */,
				7B2B57F22411C2410019C650 /* Release */,
			);
			defaultConfigurationIsVisible = 0;
			defaultConfigurationName = Release;
		};
		7B2B57F32411C2410019C650 /* Build configuration list for PBXNativeTarget "MicroMug" */ = {
			isa = XCConfigurationList;
			buildConfigurations = (
				7B2B57F42411C2410019C650 /* Debug */,
				7B2B57F52411C2410019C650 /* Release */,
			);
			defaultConfigurationIsVisible = 0;
			defaultConfigurationName = Release;
		};
/* End XCConfigurationList section */

/* Begin XCVersionGroup section */
		7B2B57E82411C2400019C650 /* MicroMug.xcdatamodeld */ = {
			isa = XCVersionGroup;
			children = (
				7B2B57E92411C2400019C650 /* MicroMug.xcdatamodel */,
			);
			currentVersion = 7B2B57E92411C2400019C650 /* MicroMug.xcdatamodel */;
			path = MicroMug.xcdatamodeld;
			sourceTree = "<group>";
			versionGroupType = wrapper.xcdatamodel;
		};
/* End XCVersionGroup section */
	};
	rootObject = 7B2B57D42411C2400019C650 /* Project object */;
}
